
Microsoft Visual Studio Solution File, Format Version 12.00
# Visual Studio Version 16
VisualStudioVersion = 16.0.31129.286
MinimumVisualStudioVersion = 10.0.40219.1
Project("{8BC9CEB8-8B4A-11D0-8D11-00A0C91BC942}") = "DINAMIC Matrix", "DINAMIC Matrix\DINAMIC Matrix.vcxproj", "{B7A2821E-66AA-4CDD-B8E6-9697D8531160}"
EndProject
Global
	GlobalSection(SolutionConfigurationPlatforms) = preSolution
		Debug|x64 = Debug|x64
		Debug|x86 = Debug|x86
		Release|x64 = Release|x64
		Release|x86 = Release|x86
	EndGlobalSection
	GlobalSection(ProjectConfigurationPlatforms) = postSolution
		{B7A2821E-66AA-4CDD-B8E6-9697D8531160}.Debug|x64.ActiveCfg = Debug|x64
		{B7A2821E-66AA-4CDD-B8E6-9697D8531160}.Debug|x64.Build.0 = Debug|x64
		{B7A2821E-66AA-4CDD-B8E6-9697D8531160}.Debug|x86.ActiveCfg = Debug|Win32
		{B7A2821E-66AA-4CDD-B8E6-9697D8531160}.Debug|x86.Build.0 = Debug|Win32
		{B7A2821E-66AA-4CDD-B8E6-9697D8531160}.Release|x64.ActiveCfg = Release|x64
		{B7A2821E-66AA-4CDD-B8E6-9697D8531160}.Release|x64.Build.0 = Release|x64
		{B7A2821E-66AA-4CDD-B8E6-9697D8531160}.Release|x86.ActiveCfg = Release|Win32
		{B7A2821E-66AA-4CDD-B8E6-9697D8531160}.Release|x86.Build.0 = Release|Win32
	EndGlobalSection
	GlobalSection(SolutionProperties) = preSolution
		HideSolutionNode = FALSE
	EndGlobalSection
	GlobalSection(ExtensibilityGlobals) = postSolution
		SolutionGuid = {C94E2D2B-7CD6-44C9-A697-D90A9982B12F}
	EndGlobalSection
EndGlobal
